
Microsoft Visual Studio Solution File, Format Version 12.00
# Visual Studio Version 16
VisualStudioVersion = 16.0.31729.503
MinimumVisualStudioVersion = 10.0.40219.1
Project("{FAE04EC0-301F-11D3-BF4B-00C04F79EFBC}") = "AzureAI.TextAnalytics.API", "AzureAI.TextAnalytics.API\AzureAI.TextAnalytics.API.csproj", "{A0AE28E5-7D40-4C71-AA65-83562863326C}"
EndProject
Global
	GlobalSection(SolutionConfigurationPlatforms) = preSolution
		Debug|Any CPU = Debug|Any CPU
		Release|Any CPU = Release|Any CPU
	EndGlobalSection
	GlobalSection(ProjectConfigurationPlatforms) = postSolution
		{A0AE28E5-7D40-4C71-AA65-83562863326C}.Debug|Any CPU.ActiveCfg = Debug|Any CPU
		{A0AE28E5-7D40-4C71-AA65-83562863326C}.Debug|Any CPU.Build.0 = Debug|Any CPU
		{A0AE28E5-7D40-4C71-AA65-83562863326C}.Release|Any CPU.ActiveCfg = Release|Any CPU
		{A0AE28E5-7D40-4C71-AA65-83562863326C}.Release|Any CPU.Build.0 = Release|Any CPU
	EndGlobalSection
	GlobalSection(SolutionProperties) = preSolution
		HideSolutionNode = FALSE
	EndGlobalSection
	GlobalSection(ExtensibilityGlobals) = postSolution
		SolutionGuid = {A8A24D64-86C2-482B-81A1-918E2F89DC3E}
	EndGlobalSection
EndGlobal
